{
  "nodes": {
    "nixpkgs": {
      "locked": {
        "lastModified": 0,
        "narHash": "sha256-EJ0/8VClpJ50jMK2Gl8MqE792hOdGwEbvoGaqoXonH8=",
        "path": "/nix/store/z0xa61lg92vqsy82zvn5qa4ypih3cgrw-source",
        "type": "path"
      },
      "original": {
        "id": "nixpkgs",
        "type": "indirect"
      }
    },
    "root": {
      "inputs": {
        "nixpkgs": "nixpkgs"
      }
    }
  },
  "root": "root",
  "version": 7
}
