{
  "nodes": {
    "nixpkgs": {
      "locked": {
        "lastModified": 1666152487,
        "narHash": "sha256-iqwkY5byGXF0m+4hGoU/ZEw1BKoVPb5f6UOpqq9lqC8=",
        "path": "/nix/store/pj6pay7lnan3dsxn1ss5grjlbnlfl24g-source",
        "rev": "8ae6ab1eae9d7707d9aba203bd12211aa2d716dc",
        "type": "path"
      },
      "original": {
        "id": "nixpkgs",
        "type": "indirect"
      }
    },
    "root": {
      "inputs": {
        "nixpkgs": "nixpkgs"
      }
    }
  },
  "root": "root",
  "version": 7
}
