{
  "nodes": {
    "nixpkgs": {
      "locked": {
        "lastModified": 1676130663,
        "narHash": "sha256-3G5/1dW9LHQW/yxwM2bmmr1Kc6p5szj61QGcul7h4Cg=",
        "path": "/nix/store/rlc0ilac2p3zinxaqx48ywx2y2zj9vkh-source",
        "rev": "e9a851a8a2f8af855d7c01133e580ada72bc2609",
        "type": "path"
      },
      "original": {
        "id": "nixpkgs",
        "type": "indirect"
      }
    },
    "root": {
      "inputs": {
        "nixpkgs": "nixpkgs"
      }
    }
  },
  "root": "root",
  "version": 7
}
